{
  "nodes": {
    "cl-nix-lite": {
      "locked": {
        "lastModified": 1721009305,
        "narHash": "sha256-GtVd8VmPZB+J64VCf26yLbFUFRT1mdpzC8ylAHMIJoo=",
        "owner": "hraban",
        "repo": "cl-nix-lite",
        "rev": "dc2793ec716b294739dabd6d99cc61543e6cd149",
        "type": "github"
      },
      "original": {
        "owner": "hraban",
        "repo": "cl-nix-lite",
        "type": "github"
      }
    },
    "nixpkgs": {
      "locked": {
        "lastModified": 1723175592,
        "narHash": "sha256-M0xJ3FbDUc4fRZ84dPGx5VvgFsOzds77KiBMW/mMTnI=",
        "owner": "nixos",
        "repo": "nixpkgs",
        "rev": "5e0ca22929f3342b19569b21b2f3462f053e497b",
        "type": "github"
      },
      "original": {
        "owner": "nixos",
        "ref": "nixos-unstable",
        "repo": "nixpkgs",
        "type": "github"
      }
    },
    "root": {
      "inputs": {
        "cl-nix-lite": "cl-nix-lite",
        "nixpkgs": "nixpkgs"
      }
    }
  },
  "root": "root",
  "version": 7
}
